// !$*UTF8*$!
{
	archiveVersion = 1;
	classes = {
	};
	objectVersion = 46;
	objects = {

/* Begin PBXBuildFile section */
		A5920C7B1F5F562900E22EF4 /* ManualAnimatorViewController.swift in Sources */ = {isa = PBXBuildFile; fileRef = A5920C7A1F5F562900E22EF4 /* ManualAnimatorViewController.swift */; };
		A5FBEFDE1F46A45F00F62672 /* AppDelegate.swift in Sources */ = {isa = PBXBuildFile; fileRef = A5FBEFDD1F46A45F00F62672 /* AppDelegate.swift */; };
		A5FBEFE01F46A45F00F62672 /* ViewController.swift in Sources */ = {isa = PBXBuildFile; fileRef = A5FBEFDF1F46A45F00F62672 /* ViewController.swift */; };
		A5FBEFE31F46A45F00F62672 /* Main.storyboard in Resources */ = {isa = PBXBuildFile; fileRef = A5FBEFE11F46A45F00F62672 /* Main.storyboard */; };
		A5FBEFE51F46A45F00F62672 /* Assets.xcassets in Resources */ = {isa = PBXBuildFile; fileRef = A5FBEFE41F46A45F00F62672 /* Assets.xcassets */; };
		A5FBEFE81F46A45F00F62672 /* LaunchScreen.storyboard in Resources */ = {isa = PBXBuildFile; fileRef = A5FBEFE61F46A45F00F62672 /* LaunchScreen.storyboard */; };
		A5FBEFFF1F46A7CA00F62672 /* AnyAnimation.framework in Frameworks */ = {isa = PBXBuildFile; fileRef = A5FBEFFA1F46A4B100F62672 /* AnyAnimation.framework */; };
/* End PBXBuildFile section */

/* Begin PBXContainerItemProxy section */
		A5FBEFF91F46A4B100F62672 /* PBXContainerItemProxy */ = {
			isa = PBXContainerItemProxy;
			containerPortal = A5FBEFEF1F46A46C00F62672 /* AnyAnimation.xcodeproj */;
			proxyType = 2;
			remoteGlobalIDString = A5FBEFB41F46A1BF00F62672;
			remoteInfo = AnyAnimation;
		};
		A5FBEFFC1F46A4DC00F62672 /* PBXContainerItemProxy */ = {
			isa = PBXContainerItemProxy;
			containerPortal = A5FBEFEF1F46A46C00F62672 /* AnyAnimation.xcodeproj */;
			proxyType = 1;
			remoteGlobalIDString = A5FBEFB31F46A1BF00F62672;
			remoteInfo = AnyAnimation;
		};
/* End PBXContainerItemProxy section */

/* Begin PBXFileReference section */
		A5920C7A1F5F562900E22EF4 /* ManualAnimatorViewController.swift */ = {isa = PBXFileReference; fileEncoding = 4; lastKnownFileType = sourcecode.swift; path = ManualAnimatorViewController.swift; sourceTree = "<group>"; };
		A5FBEFDA1F46A45F00F62672 /* AnyAnimationTestbed.app */ = {isa = PBXFileReference; explicitFileType = wrapper.application; includeInIndex = 0; path = AnyAnimationTestbed.app; sourceTree = BUILT_PRODUCTS_DIR; };
		A5FBEFDD1F46A45F00F62672 /* AppDelegate.swift */ = {isa = PBXFileReference; lastKnownFileType = sourcecode.swift; path = AppDelegate.swift; sourceTree = "<group>"; };
		A5FBEFDF1F46A45F00F62672 /* ViewController.swift */ = {isa = PBXFileReference; lastKnownFileType = sourcecode.swift; path = ViewController.swift; sourceTree = "<group>"; };
		A5FBEFE21F46A45F00F62672 /* Base */ = {isa = PBXFileReference; lastKnownFileType = file.storyboard; name = Base; path = Base.lproj/Main.storyboard; sourceTree = "<group>"; };
		A5FBEFE41F46A45F00F62672 /* Assets.xcassets */ = {isa = PBXFileReference; lastKnownFileType = folder.assetcatalog; path = Assets.xcassets; sourceTree = "<group>"; };
		A5FBEFE71F46A45F00F62672 /* Base */ = {isa = PBXFileReference; lastKnownFileType = file.storyboard; name = Base; path = Base.lproj/LaunchScreen.storyboard; sourceTree = "<group>"; };
		A5FBEFE91F46A45F00F62672 /* Info.plist */ = {isa = PBXFileReference; lastKnownFileType = text.plist.xml; path = Info.plist; sourceTree = "<group>"; };
		A5FBEFEF1F46A46C00F62672 /* AnyAnimation.xcodeproj */ = {isa = PBXFileReference; lastKnownFileType = "wrapper.pb-project"; name = AnyAnimation.xcodeproj; path = ../AnyAnimation.xcodeproj; sourceTree = "<group>"; };
/* End PBXFileReference section */

/* Begin PBXFrameworksBuildPhase section */
		A5FBEFD71F46A45F00F62672 /* Frameworks */ = {
			isa = PBXFrameworksBuildPhase;
			buildActionMask = 2147483647;
			files = (
				A5FBEFFF1F46A7CA00F62672 /* AnyAnimation.framework in Frameworks */,
			);
			runOnlyForDeploymentPostprocessing = 0;
		};
/* End PBXFrameworksBuildPhase section */

/* Begin PBXGroup section */
		A5FBEFD11F46A45F00F62672 = {
			isa = PBXGroup;
			children = (
				A5FBEFEF1F46A46C00F62672 /* AnyAnimation.xcodeproj */,
				A5FBEFDC1F46A45F00F62672 /* AnyAnimationTestbed */,
				A5FBEFDB1F46A45F00F62672 /* Products */,
			);
			sourceTree = "<group>";
		};
		A5FBEFDB1F46A45F00F62672 /* Products */ = {
			isa = PBXGroup;
			children = (
				A5FBEFDA1F46A45F00F62672 /* AnyAnimationTestbed.app */,
			);
			name = Products;
			sourceTree = "<group>";
		};
		A5FBEFDC1F46A45F00F62672 /* AnyAnimationTestbed */ = {
			isa = PBXGroup;
			children = (
				A5FBEFDD1F46A45F00F62672 /* AppDelegate.swift */,
				A5FBEFDF1F46A45F00F62672 /* ViewController.swift */,
				A5FBEFE11F46A45F00F62672 /* Main.storyboard */,
				A5FBEFE41F46A45F00F62672 /* Assets.xcassets */,
				A5FBEFE61F46A45F00F62672 /* LaunchScreen.storyboard */,
				A5FBEFE91F46A45F00F62672 /* Info.plist */,
				A5920C7A1F5F562900E22EF4 /* ManualAnimatorViewController.swift */,
			);
			path = AnyAnimationTestbed;
			sourceTree = "<group>";
		};
		A5FBEFF61F46A4B100F62672 /* Products */ = {
			isa = PBXGroup;
			children = (
				A5FBEFFA1F46A4B100F62672 /* AnyAnimation.framework */,
			);
			name = Products;
			sourceTree = "<group>";
		};
/* End PBXGroup section */

/* Begin PBXNativeTarget section */
		A5FBEFD91F46A45F00F62672 /* AnyAnimationTestbed */ = {
			isa = PBXNativeTarget;
			buildConfigurationList = A5FBEFEC1F46A45F00F62672 /* Build configuration list for PBXNativeTarget "AnyAnimationTestbed" */;
			buildPhases = (
				A5FBEFD61F46A45F00F62672 /* Sources */,
				A5FBEFD71F46A45F00F62672 /* Frameworks */,
				A5FBEFD81F46A45F00F62672 /* Resources */,
			);
			buildRules = (
			);
			dependencies = (
				A5FBEFFD1F46A4DC00F62672 /* PBXTargetDependency */,
			);
			name = AnyAnimationTestbed;
			productName = AnyAnimationTestbed;
			productReference = A5FBEFDA1F46A45F00F62672 /* AnyAnimationTestbed.app */;
			productType = "com.apple.product-type.application";
		};
/* End PBXNativeTarget section */

/* Begin PBXProject section */
		A5FBEFD21F46A45F00F62672 /* Project object */ = {
			isa = PBXProject;
			attributes = {
				LastSwiftUpdateCheck = 0830;
				LastUpgradeCheck = 0830;
				ORGANIZATIONNAME = Gavrix;
				TargetAttributes = {
					A5FBEFD91F46A45F00F62672 = {
						CreatedOnToolsVersion = 8.3.3;
						ProvisioningStyle = Automatic;
					};
				};
			};
			buildConfigurationList = A5FBEFD51F46A45F00F62672 /* Build configuration list for PBXProject "AnyAnimationTestbed" */;
			compatibilityVersion = "Xcode 3.2";
			developmentRegion = English;
			hasScannedForEncodings = 0;
			knownRegions = (
				en,
				Base,
			);
			mainGroup = A5FBEFD11F46A45F00F62672;
			productRefGroup = A5FBEFDB1F46A45F00F62672 /* Products */;
			projectDirPath = "";
			projectReferences = (
				{
					ProductGroup = A5FBEFF61F46A4B100F62672 /* Products */;
					ProjectRef = A5FBEFEF1F46A46C00F62672 /* AnyAnimation.xcodeproj */;
				},
			);
			projectRoot = "";
			targets = (
				A5FBEFD91F46A45F00F62672 /* AnyAnimationTestbed */,
			);
		};
/* End PBXProject section */

/* Begin PBXReferenceProxy section */
		A5FBEFFA1F46A4B100F62672 /* AnyAnimation.framework */ = {
			isa = PBXReferenceProxy;
			fileType = wrapper.framework;
			path = AnyAnimation.framework;
			remoteRef = A5FBEFF91F46A4B100F62672 /* PBXContainerItemProxy */;
			sourceTree = BUILT_PRODUCTS_DIR;
		};
/* End PBXReferenceProxy section */

/* Begin PBXResourcesBuildPhase section */
		A5FBEFD81F46A45F00F62672 /* Resources */ = {
			isa = PBXResourcesBuildPhase;
			buildActionMask = 2147483647;
			files = (
				A5FBEFE81F46A45F00F62672 /* LaunchScreen.storyboard in Resources */,
				A5FBEFE51F46A45F00F62672 /* Assets.xcassets in Resources */,
				A5FBEFE31F46A45F00F62672 /* Main.storyboard in Resources */,
			);
			runOnlyForDeploymentPostprocessing = 0;
		};
/* End PBXResourcesBuildPhase section */

/* Begin PBXSourcesBuildPhase section */
		A5FBEFD61F46A45F00F62672 /* Sources */ = {
			isa = PBXSourcesBuildPhase;
			buildActionMask = 2147483647;
			files = (
				A5920C7B1F5F562900E22EF4 /* ManualAnimatorViewController.swift in Sources */,
				A5FBEFE01F46A45F00F62672 /* ViewController.swift in Sources */,
				A5FBEFDE1F46A45F00F62672 /* AppDelegate.swift in Sources */,
			);
			runOnlyForDeploymentPostprocessing = 0;
		};
/* End PBXSourcesBuildPhase section */

/* Begin PBXTargetDependency section */
		A5FBEFFD1F46A4DC00F62672 /* PBXTargetDependency */ = {
			isa = PBXTargetDependency;
			name = AnyAnimation;
			targetProxy = A5FBEFFC1F46A4DC00F62672 /* PBXContainerItemProxy */;
		};
/* End PBXTargetDependency section */

/* Begin PBXVariantGroup section */
		A5FBEFE11F46A45F00F62672 /* Main.storyboard */ = {
			isa = PBXVariantGroup;
			children = (
				A5FBEFE21F46A45F00F62672 /* Base */,
			);
			name = Main.storyboard;
			sourceTree = "<group>";
		};
		A5FBEFE61F46A45F00F62672 /* LaunchScreen.storyboard */ = {
			isa = PBXVariantGroup;
			children = (
				A5FBEFE71F46A45F00F62672 /* Base */,
			);
			name = LaunchScreen.storyboard;
			sourceTree = "<group>";
		};
/* End PBXVariantGroup section */

/* Begin XCBuildConfiguration section */
		A5FBEFEA1F46A45F00F62672 /* Debug */ = {
			isa = XCBuildConfiguration;
			buildSettings = {
				ALWAYS_SEARCH_USER_PATHS = NO;
				CLANG_ANALYZER_NONNULL = YES;
				CLANG_ANALYZER_NUMBER_OBJECT_CONVERSION = YES_AGGRESSIVE;
				CLANG_CXX_LANGUAGE_STANDARD = "gnu++0x";
				CLANG_CXX_LIBRARY = "libc++";
				CLANG_ENABLE_MODULES = YES;
				CLANG_ENABLE_OBJC_ARC = YES;
				CLANG_WARN_BOOL_CONVERSION = YES;
				CLANG_WARN_CONSTANT_CONVERSION = YES;
				CLANG_WARN_DIRECT_OBJC_ISA_USAGE = YES_ERROR;
				CLANG_WARN_DOCUMENTATION_COMMENTS = YES;
				CLANG_WARN_EMPTY_BODY = YES;
				CLANG_WARN_ENUM_CONVERSION = YES;
				CLANG_WARN_INFINITE_RECURSION = YES;
				CLANG_WARN_INT_CONVERSION = YES;
				CLANG_WARN_OBJC_ROOT_CLASS = YES_ERROR;
				CLANG_WARN_SUSPICIOUS_MOVE = YES;
				CLANG_WARN_UNREACHABLE_CODE = YES;
				CLANG_WARN__DUPLICATE_METHOD_MATCH = YES;
				"CODE_SIGN_IDENTITY[sdk=iphoneos*]" = "iPhone Developer";
				COPY_PHASE_STRIP = NO;
				DEBUG_INFORMATION_FORMAT = dwarf;
				ENABLE_STRICT_OBJC_MSGSEND = YES;
				ENABLE_TESTABILITY = YES;
				GCC_C_LANGUAGE_STANDARD = gnu99;
				GCC_DYNAMIC_NO_PIC = NO;
				GCC_NO_COMMON_BLOCKS = YES;
				GCC_OPTIMIZATION_LEVEL = 0;
				GCC_PREPROCESSOR_DEFINITIONS = (
					"DEBUG=1",
					"$(inherited)",
				);
				GCC_WARN_64_TO_32_BIT_CONVERSION = YES;
				GCC_WARN_ABOUT_RETURN_TYPE = YES_ERROR;
				GCC_WARN_UNDECLARED_SELECTOR = YES;
				GCC_WARN_UNINITIALIZED_AUTOS = YES_AGGRESSIVE;
				GCC_WARN_UNUSED_FUNCTION = YES;
				GCC_WARN_UNUSED_VARIABLE = YES;
				IPHONEOS_DEPLOYMENT_TARGET = 10.3;
				MTL_ENABLE_DEBUG_INFO = YES;
				ONLY_ACTIVE_ARCH = YES;
				SDKROOT = iphoneos;
				SWIFT_ACTIVE_COMPILATION_CONDITIONS = DEBUG;
				SWIFT_OPTIMIZATION_LEVEL = "-Onone";
				TARGETED_DEVICE_FAMILY = "1,2";
			};
			name = Debug;
		};
		A5FBEFEB1F46A45F00F62672 /* Release */ = {
			isa = XCBuildConfiguration;
			buildSettings = {
				ALWAYS_SEARCH_USER_PATHS = NO;
				CLANG_ANALYZER_NONNULL = YES;
				CLANG_ANALYZER_NUMBER_OBJECT_CONVERSION = YES_AGGRESSIVE;
				CLANG_CXX_LANGUAGE_STANDARD = "gnu++0x";
				CLANG_CXX_LIBRARY = "libc++";
				CLANG_ENABLE_MODULES = YES;
				CLANG_ENABLE_OBJC_ARC = YES;
				CLANG_WARN_BOOL_CONVERSION = YES;
				CLANG_WARN_CONSTANT_CONVERSION = YES;
				CLANG_WARN_DIRECT_OBJC_ISA_USAGE = YES_ERROR;
				CLANG_WARN_DOCUMENTATION_COMMENTS = YES;
				CLANG_WARN_EMPTY_BODY = YES;
				CLANG_WARN_ENUM_CONVERSION = YES;
				CLANG_WARN_INFINITE_RECURSION = YES;
				CLANG_WARN_INT_CONVERSION = YES;
				CLANG_WARN_OBJC_ROOT_CLASS = YES_ERROR;
				CLANG_WARN_SUSPICIOUS_MOVE = YES;
				CLANG_WARN_UNREACHABLE_CODE = YES;
				CLANG_WARN__DUPLICATE_METHOD_MATCH = YES;
				"CODE_SIGN_IDENTITY[sdk=iphoneos*]" = "iPhone Developer";
				COPY_PHASE_STRIP = NO;
				DEBUG_INFORMATION_FORMAT = "dwarf-with-dsym";
				ENABLE_NS_ASSERTIONS = NO;
				ENABLE_STRICT_OBJC_MSGSEND = YES;
				GCC_C_LANGUAGE_STANDARD = gnu99;
				GCC_NO_COMMON_BLOCKS = YES;
				GCC_WARN_64_TO_32_BIT_CONVERSION = YES;
				GCC_WARN_ABOUT_RETURN_TYPE = YES_ERROR;
				GCC_WARN_UNDECLARED_SELECTOR = YES;
				GCC_WARN_UNINITIALIZED_AUTOS = YES_AGGRESSIVE;
				GCC_WARN_UNUSED_FUNCTION = YES;
				GCC_WARN_UNUSED_VARIABLE = YES;
				IPHONEOS_DEPLOYMENT_TARGET = 10.3;
				MTL_ENABLE_DEBUG_INFO = NO;
				SDKROOT = iphoneos;
				SWIFT_OPTIMIZATION_LEVEL = "-Owholemodule";
				TARGETED_DEVICE_FAMILY = "1,2";
				VALIDATE_PRODUCT = YES;
			};
			name = Release;
		};
		A5FBEFED1F46A45F00F62672 /* Debug */ = {
			isa = XCBuildConfiguration;
			buildSettings = {
				ASSETCATALOG_COMPILER_APPICON_NAME = AppIcon;
				INFOPLIST_FILE = AnyAnimationTestbed/Info.plist;
				LD_RUNPATH_SEARCH_PATHS = "$(inherited) @executable_path/Frameworks";
				PRODUCT_BUNDLE_IDENTIFIER = com.gavrix.AnyAnimationTestbed;
				PRODUCT_NAME = "$(TARGET_NAME)";
				SWIFT_VERSION = 3.0;
			};
			name = Debug;
		};
		A5FBEFEE1F46A45F00F62672 /* Release */ = {
			isa = XCBuildConfiguration;
			buildSettings = {
				ASSETCATALOG_COMPILER_APPICON_NAME = AppIcon;
				INFOPLIST_FILE = AnyAnimationTestbed/Info.plist;
				LD_RUNPATH_SEARCH_PATHS = "$(inherited) @executable_path/Frameworks";
				PRODUCT_BUNDLE_IDENTIFIER = com.gavrix.AnyAnimationTestbed;
				PRODUCT_NAME = "$(TARGET_NAME)";
				SWIFT_VERSION = 3.0;
			};
			name = Release;
		};
/* End XCBuildConfiguration section */

/* Begin XCConfigurationList section */
		A5FBEFD51F46A45F00F62672 /* Build configuration list for PBXProject "AnyAnimationTestbed" */ = {
			isa = XCConfigurationList;
			buildConfigurations = (
				A5FBEFEA1F46A45F00F62672 /* Debug */,
				A5FBEFEB1F46A45F00F62672 /* Release */,
			);
			defaultConfigurationIsVisible = 0;
			defaultConfigurationName = Release;
		};
		A5FBEFEC1F46A45F00F62672 /* Build configuration list for PBXNativeTarget "AnyAnimationTestbed" */ = {
			isa = XCConfigurationList;
			buildConfigurations = (
				A5FBEFED1F46A45F00F62672 /* Debug */,
				A5FBEFEE1F46A45F00F62672 /* Release */,
			);
			defaultConfigurationIsVisible = 0;
			defaultConfigurationName = Release;
		};
/* End XCConfigurationList section */
	};
	rootObject = A5FBEFD21F46A45F00F62672 /* Project object */;
}
